
Microsoft Visual Studio Solution File, Format Version 12.00
# Visual Studio 15
VisualStudioVersion = 15.0.28307.572
MinimumVisualStudioVersion = 10.0.40219.1
Project("{9A19103F-16F7-4668-BE54-9A1E7A4F7556}") = "Discography", "Discography\Discography.csproj", "{F9ED68AF-785C-4991-8FF9-B5CE66E2C3A4}"
EndProject
Project("{9A19103F-16F7-4668-BE54-9A1E7A4F7556}") = "ServiceClient", "ServiceClient\ServiceClient.csproj", "{05E60C0B-0348-4AA7-97BA-216032A8A543}"
EndProject
Project("{9A19103F-16F7-4668-BE54-9A1E7A4F7556}") = "ServiceClient.Models", "ServiceClient.Models\ServiceClient.Models.csproj", "{09813126-E757-4F42-B3E1-6A9CFEEE97E7}"
EndProject
Project("{9A19103F-16F7-4668-BE54-9A1E7A4F7556}") = "ServiceClient.Contracts", "ServiceClient.Contracts\ServiceClient.Contracts.csproj", "{CD906126-F902-419F-B5D2-46537C5AE233}"
EndProject
Project("{FAE04EC0-301F-11D3-BF4B-00C04F79EFBC}") = "Discography.Tests", "Discography.Tests\Discography.Tests.csproj", "{7DF19DFF-794E-4D38-8D5C-573943492FE6}"
EndProject
Global
	GlobalSection(SolutionConfigurationPlatforms) = preSolution
		Debug|Any CPU = Debug|Any CPU
		Release|Any CPU = Release|Any CPU
	EndGlobalSection
	GlobalSection(ProjectConfigurationPlatforms) = postSolution
		{F9ED68AF-785C-4991-8FF9-B5CE66E2C3A4}.Debug|Any CPU.ActiveCfg = Debug|Any CPU
		{F9ED68AF-785C-4991-8FF9-B5CE66E2C3A4}.Debug|Any CPU.Build.0 = Debug|Any CPU
		{F9ED68AF-785C-4991-8FF9-B5CE66E2C3A4}.Release|Any CPU.ActiveCfg = Release|Any CPU
		{F9ED68AF-785C-4991-8FF9-B5CE66E2C3A4}.Release|Any CPU.Build.0 = Release|Any CPU
		{05E60C0B-0348-4AA7-97BA-216032A8A543}.Debug|Any CPU.ActiveCfg = Debug|Any CPU
		{05E60C0B-0348-4AA7-97BA-216032A8A543}.Debug|Any CPU.Build.0 = Debug|Any CPU
		{05E60C0B-0348-4AA7-97BA-216032A8A543}.Release|Any CPU.ActiveCfg = Release|Any CPU
		{05E60C0B-0348-4AA7-97BA-216032A8A543}.Release|Any CPU.Build.0 = Release|Any CPU
		{09813126-E757-4F42-B3E1-6A9CFEEE97E7}.Debug|Any CPU.ActiveCfg = Debug|Any CPU
		{09813126-E757-4F42-B3E1-6A9CFEEE97E7}.Debug|Any CPU.Build.0 = Debug|Any CPU
		{09813126-E757-4F42-B3E1-6A9CFEEE97E7}.Release|Any CPU.ActiveCfg = Release|Any CPU
		{09813126-E757-4F42-B3E1-6A9CFEEE97E7}.Release|Any CPU.Build.0 = Release|Any CPU
		{CD906126-F902-419F-B5D2-46537C5AE233}.Debug|Any CPU.ActiveCfg = Debug|Any CPU
		{CD906126-F902-419F-B5D2-46537C5AE233}.Debug|Any CPU.Build.0 = Debug|Any CPU
		{CD906126-F902-419F-B5D2-46537C5AE233}.Release|Any CPU.ActiveCfg = Release|Any CPU
		{CD906126-F902-419F-B5D2-46537C5AE233}.Release|Any CPU.Build.0 = Release|Any CPU
		{7DF19DFF-794E-4D38-8D5C-573943492FE6}.Debug|Any CPU.ActiveCfg = Debug|Any CPU
		{7DF19DFF-794E-4D38-8D5C-573943492FE6}.Debug|Any CPU.Build.0 = Debug|Any CPU
		{7DF19DFF-794E-4D38-8D5C-573943492FE6}.Release|Any CPU.ActiveCfg = Release|Any CPU
		{7DF19DFF-794E-4D38-8D5C-573943492FE6}.Release|Any CPU.Build.0 = Release|Any CPU
	EndGlobalSection
	GlobalSection(SolutionProperties) = preSolution
		HideSolutionNode = FALSE
	EndGlobalSection
	GlobalSection(ExtensibilityGlobals) = postSolution
		SolutionGuid = {87DF0C51-9A0E-492E-B33F-F458B9688A1D}
	EndGlobalSection
EndGlobal
